// !$*UTF8*$!
{
	archiveVersion = 1;
	classes = {
	};
	objectVersion = 50;
	objects = {

/* Begin PBXBuildFile section */
		2A42F3A4261CAB3400F2B3F0 /* CombineTestApp.swift in Sources */ = {isa = PBXBuildFile; fileRef = 2A42F3A3261CAB3400F2B3F0 /* CombineTestApp.swift */; };
		2A42F3A6261CAB3400F2B3F0 /* ContentView.swift in Sources */ = {isa = PBXBuildFile; fileRef = 2A42F3A5261CAB3400F2B3F0 /* ContentView.swift */; };
		2A42F3A8261CAB3400F2B3F0 /* Assets.xcassets in Resources */ = {isa = PBXBuildFile; fileRef = 2A42F3A7261CAB3400F2B3F0 /* Assets.xcassets */; };
		2A42F3AB261CAB3400F2B3F0 /* Preview Assets.xcassets in Resources */ = {isa = PBXBuildFile; fileRef = 2A42F3AA261CAB3400F2B3F0 /* Preview Assets.xcassets */; };
		2A42F3B4261CAB4400F2B3F0 /* ViewModelItem.swift in Sources */ = {isa = PBXBuildFile; fileRef = 2A42F3B3261CAB4400F2B3F0 /* ViewModelItem.swift */; };
		2A42F3B8261CAB7100F2B3F0 /* Presenter.swift in Sources */ = {isa = PBXBuildFile; fileRef = 2A42F3B7261CAB7100F2B3F0 /* Presenter.swift */; };
		2A42F3BB261CACA300F2B3F0 /* UseCaseOne.swift in Sources */ = {isa = PBXBuildFile; fileRef = 2A42F3BA261CACA300F2B3F0 /* UseCaseOne.swift */; };
		2A42F3BE261CB04700F2B3F0 /* UseCaseError.swift in Sources */ = {isa = PBXBuildFile; fileRef = 2A42F3BD261CB04700F2B3F0 /* UseCaseError.swift */; };
		2A42F3C1261CB8FE00F2B3F0 /* UseCaseState.swift in Sources */ = {isa = PBXBuildFile; fileRef = 2A42F3C0261CB8FE00F2B3F0 /* UseCaseState.swift */; };
		2A42F3C6261CFA7200F2B3F0 /* DomainModelOne.swift in Sources */ = {isa = PBXBuildFile; fileRef = 2A42F3C5261CFA7200F2B3F0 /* DomainModelOne.swift */; };
		2A877A90261E3C4F007033CC /* UseCaseTwo.swift in Sources */ = {isa = PBXBuildFile; fileRef = 2A877A8F261E3C4F007033CC /* UseCaseTwo.swift */; };
		2A877A93261E3C97007033CC /* DomainModelTwo.swift in Sources */ = {isa = PBXBuildFile; fileRef = 2A877A92261E3C97007033CC /* DomainModelTwo.swift */; };
		2ADF0F9D2620BA6E006CFBE9 /* StateHandler.swift in Sources */ = {isa = PBXBuildFile; fileRef = 2ADF0F9C2620BA6E006CFBE9 /* StateHandler.swift */; };
/* End PBXBuildFile section */

/* Begin PBXFileReference section */
		2A42F3A0261CAB3400F2B3F0 /* CombineTest.app */ = {isa = PBXFileReference; explicitFileType = wrapper.application; includeInIndex = 0; path = CombineTest.app; sourceTree = BUILT_PRODUCTS_DIR; };
		2A42F3A3261CAB3400F2B3F0 /* CombineTestApp.swift */ = {isa = PBXFileReference; lastKnownFileType = sourcecode.swift; path = CombineTestApp.swift; sourceTree = "<group>"; };
		2A42F3A5261CAB3400F2B3F0 /* ContentView.swift */ = {isa = PBXFileReference; lastKnownFileType = sourcecode.swift; path = ContentView.swift; sourceTree = "<group>"; };
		2A42F3A7261CAB3400F2B3F0 /* Assets.xcassets */ = {isa = PBXFileReference; lastKnownFileType = folder.assetcatalog; path = Assets.xcassets; sourceTree = "<group>"; };
		2A42F3AA261CAB3400F2B3F0 /* Preview Assets.xcassets */ = {isa = PBXFileReference; lastKnownFileType = folder.assetcatalog; path = "Preview Assets.xcassets"; sourceTree = "<group>"; };
		2A42F3AC261CAB3400F2B3F0 /* Info.plist */ = {isa = PBXFileReference; lastKnownFileType = text.plist.xml; path = Info.plist; sourceTree = "<group>"; };
		2A42F3B3261CAB4400F2B3F0 /* ViewModelItem.swift */ = {isa = PBXFileReference; lastKnownFileType = sourcecode.swift; path = ViewModelItem.swift; sourceTree = "<group>"; };
		2A42F3B7261CAB7100F2B3F0 /* Presenter.swift */ = {isa = PBXFileReference; lastKnownFileType = sourcecode.swift; path = Presenter.swift; sourceTree = "<group>"; };
		2A42F3BA261CACA300F2B3F0 /* UseCaseOne.swift */ = {isa = PBXFileReference; lastKnownFileType = sourcecode.swift; path = UseCaseOne.swift; sourceTree = "<group>"; };
		2A42F3BD261CB04700F2B3F0 /* UseCaseError.swift */ = {isa = PBXFileReference; lastKnownFileType = sourcecode.swift; path = UseCaseError.swift; sourceTree = "<group>"; };
		2A42F3C0261CB8FE00F2B3F0 /* UseCaseState.swift */ = {isa = PBXFileReference; lastKnownFileType = sourcecode.swift; path = UseCaseState.swift; sourceTree = "<group>"; };
		2A42F3C5261CFA7200F2B3F0 /* DomainModelOne.swift */ = {isa = PBXFileReference; lastKnownFileType = sourcecode.swift; path = DomainModelOne.swift; sourceTree = "<group>"; };
		2A877A8F261E3C4F007033CC /* UseCaseTwo.swift */ = {isa = PBXFileReference; lastKnownFileType = sourcecode.swift; path = UseCaseTwo.swift; sourceTree = "<group>"; };
		2A877A92261E3C97007033CC /* DomainModelTwo.swift */ = {isa = PBXFileReference; lastKnownFileType = sourcecode.swift; path = DomainModelTwo.swift; sourceTree = "<group>"; };
		2ADF0F9C2620BA6E006CFBE9 /* StateHandler.swift */ = {isa = PBXFileReference; lastKnownFileType = sourcecode.swift; path = StateHandler.swift; sourceTree = "<group>"; };
/* End PBXFileReference section */

/* Begin PBXFrameworksBuildPhase section */
		2A42F39D261CAB3400F2B3F0 /* Frameworks */ = {
			isa = PBXFrameworksBuildPhase;
			buildActionMask = 2147483647;
			files = (
			);
			runOnlyForDeploymentPostprocessing = 0;
		};
/* End PBXFrameworksBuildPhase section */

/* Begin PBXGroup section */
		2A42F397261CAB3400F2B3F0 = {
			isa = PBXGroup;
			children = (
				2A42F3A2261CAB3400F2B3F0 /* CombineTest */,
				2A42F3A1261CAB3400F2B3F0 /* Products */,
			);
			sourceTree = "<group>";
		};
		2A42F3A1261CAB3400F2B3F0 /* Products */ = {
			isa = PBXGroup;
			children = (
				2A42F3A0261CAB3400F2B3F0 /* CombineTest.app */,
			);
			name = Products;
			sourceTree = "<group>";
		};
		2A42F3A2261CAB3400F2B3F0 /* CombineTest */ = {
			isa = PBXGroup;
			children = (
				2A42F3A3261CAB3400F2B3F0 /* CombineTestApp.swift */,
				2A42F3B3261CAB4400F2B3F0 /* ViewModelItem.swift */,
				2A42F3B7261CAB7100F2B3F0 /* Presenter.swift */,
				2ADF0F9C2620BA6E006CFBE9 /* StateHandler.swift */,
				2A42F3BA261CACA300F2B3F0 /* UseCaseOne.swift */,
				2A877A8F261E3C4F007033CC /* UseCaseTwo.swift */,
				2A42F3C5261CFA7200F2B3F0 /* DomainModelOne.swift */,
				2A877A92261E3C97007033CC /* DomainModelTwo.swift */,
				2A42F3BD261CB04700F2B3F0 /* UseCaseError.swift */,
				2A42F3A5261CAB3400F2B3F0 /* ContentView.swift */,
				2A42F3C0261CB8FE00F2B3F0 /* UseCaseState.swift */,
				2A42F3A7261CAB3400F2B3F0 /* Assets.xcassets */,
				2A42F3AC261CAB3400F2B3F0 /* Info.plist */,
				2A42F3A9261CAB3400F2B3F0 /* Preview Content */,
			);
			path = CombineTest;
			sourceTree = "<group>";
		};
		2A42F3A9261CAB3400F2B3F0 /* Preview Content */ = {
			isa = PBXGroup;
			children = (
				2A42F3AA261CAB3400F2B3F0 /* Preview Assets.xcassets */,
			);
			path = "Preview Content";
			sourceTree = "<group>";
		};
/* End PBXGroup section */

/* Begin PBXNativeTarget section */
		2A42F39F261CAB3400F2B3F0 /* CombineTest */ = {
			isa = PBXNativeTarget;
			buildConfigurationList = 2A42F3AF261CAB3400F2B3F0 /* Build configuration list for PBXNativeTarget "CombineTest" */;
			buildPhases = (
				2A42F39C261CAB3400F2B3F0 /* Sources */,
				2A42F39D261CAB3400F2B3F0 /* Frameworks */,
				2A42F39E261CAB3400F2B3F0 /* Resources */,
			);
			buildRules = (
			);
			dependencies = (
			);
			name = CombineTest;
			productName = CombineTest;
			productReference = 2A42F3A0261CAB3400F2B3F0 /* CombineTest.app */;
			productType = "com.apple.product-type.application";
		};
/* End PBXNativeTarget section */

/* Begin PBXProject section */
		2A42F398261CAB3400F2B3F0 /* Project object */ = {
			isa = PBXProject;
			attributes = {
				LastSwiftUpdateCheck = 1240;
				LastUpgradeCheck = 1240;
				TargetAttributes = {
					2A42F39F261CAB3400F2B3F0 = {
						CreatedOnToolsVersion = 12.4;
					};
				};
			};
			buildConfigurationList = 2A42F39B261CAB3400F2B3F0 /* Build configuration list for PBXProject "CombineTest" */;
			compatibilityVersion = "Xcode 9.3";
			developmentRegion = en;
			hasScannedForEncodings = 0;
			knownRegions = (
				en,
				Base,
			);
			mainGroup = 2A42F397261CAB3400F2B3F0;
			productRefGroup = 2A42F3A1261CAB3400F2B3F0 /* Products */;
			projectDirPath = "";
			projectRoot = "";
			targets = (
				2A42F39F261CAB3400F2B3F0 /* CombineTest */,
			);
		};
/* End PBXProject section */

/* Begin PBXResourcesBuildPhase section */
		2A42F39E261CAB3400F2B3F0 /* Resources */ = {
			isa = PBXResourcesBuildPhase;
			buildActionMask = 2147483647;
			files = (
				2A42F3AB261CAB3400F2B3F0 /* Preview Assets.xcassets in Resources */,
				2A42F3A8261CAB3400F2B3F0 /* Assets.xcassets in Resources */,
			);
			runOnlyForDeploymentPostprocessing = 0;
		};
/* End PBXResourcesBuildPhase section */

/* Begin PBXSourcesBuildPhase section */
		2A42F39C261CAB3400F2B3F0 /* Sources */ = {
			isa = PBXSourcesBuildPhase;
			buildActionMask = 2147483647;
			files = (
				2A42F3A6261CAB3400F2B3F0 /* ContentView.swift in Sources */,
				2A42F3B4261CAB4400F2B3F0 /* ViewModelItem.swift in Sources */,
				2A42F3C6261CFA7200F2B3F0 /* DomainModelOne.swift in Sources */,
				2A42F3BE261CB04700F2B3F0 /* UseCaseError.swift in Sources */,
				2A42F3C1261CB8FE00F2B3F0 /* UseCaseState.swift in Sources */,
				2A42F3B8261CAB7100F2B3F0 /* Presenter.swift in Sources */,
				2A877A90261E3C4F007033CC /* UseCaseTwo.swift in Sources */,
				2A42F3BB261CACA300F2B3F0 /* UseCaseOne.swift in Sources */,
				2A877A93261E3C97007033CC /* DomainModelTwo.swift in Sources */,
				2ADF0F9D2620BA6E006CFBE9 /* StateHandler.swift in Sources */,
				2A42F3A4261CAB3400F2B3F0 /* CombineTestApp.swift in Sources */,
			);
			runOnlyForDeploymentPostprocessing = 0;
		};
/* End PBXSourcesBuildPhase section */

/* Begin XCBuildConfiguration section */
		2A42F3AD261CAB3400F2B3F0 /* Debug */ = {
			isa = XCBuildConfiguration;
			buildSettings = {
				ALWAYS_SEARCH_USER_PATHS = NO;
				CLANG_ANALYZER_NONNULL = YES;
				CLANG_ANALYZER_NUMBER_OBJECT_CONVERSION = YES_AGGRESSIVE;
				CLANG_CXX_LANGUAGE_STANDARD = "gnu++14";
				CLANG_CXX_LIBRARY = "libc++";
				CLANG_ENABLE_MODULES = YES;
				CLANG_ENABLE_OBJC_ARC = YES;
				CLANG_ENABLE_OBJC_WEAK = YES;
				CLANG_WARN_BLOCK_CAPTURE_AUTORELEASING = YES;
				CLANG_WARN_BOOL_CONVERSION = YES;
				CLANG_WARN_COMMA = YES;
				CLANG_WARN_CONSTANT_CONVERSION = YES;
				CLANG_WARN_DEPRECATED_OBJC_IMPLEMENTATIONS = YES;
				CLANG_WARN_DIRECT_OBJC_ISA_USAGE = YES_ERROR;
				CLANG_WARN_DOCUMENTATION_COMMENTS = YES;
				CLANG_WARN_EMPTY_BODY = YES;
				CLANG_WARN_ENUM_CONVERSION = YES;
				CLANG_WARN_INFINITE_RECURSION = YES;
				CLANG_WARN_INT_CONVERSION = YES;
				CLANG_WARN_NON_LITERAL_NULL_CONVERSION = YES;
				CLANG_WARN_OBJC_IMPLICIT_RETAIN_SELF = YES;
				CLANG_WARN_OBJC_LITERAL_CONVERSION = YES;
				CLANG_WARN_OBJC_ROOT_CLASS = YES_ERROR;
				CLANG_WARN_QUOTED_INCLUDE_IN_FRAMEWORK_HEADER = YES;
				CLANG_WARN_RANGE_LOOP_ANALYSIS = YES;
				CLANG_WARN_STRICT_PROTOTYPES = YES;
				CLANG_WARN_SUSPICIOUS_MOVE = YES;
				CLANG_WARN_UNGUARDED_AVAILABILITY = YES_AGGRESSIVE;
				CLANG_WARN_UNREACHABLE_CODE = YES;
				CLANG_WARN__DUPLICATE_METHOD_MATCH = YES;
				COPY_PHASE_STRIP = NO;
				DEBUG_INFORMATION_FORMAT = dwarf;
				ENABLE_STRICT_OBJC_MSGSEND = YES;
				ENABLE_TESTABILITY = YES;
				GCC_C_LANGUAGE_STANDARD = gnu11;
				GCC_DYNAMIC_NO_PIC = NO;
				GCC_NO_COMMON_BLOCKS = YES;
				GCC_OPTIMIZATION_LEVEL = 0;
				GCC_PREPROCESSOR_DEFINITIONS = (
					"DEBUG=1",
					"$(inherited)",
				);
				GCC_WARN_64_TO_32_BIT_CONVERSION = YES;
				GCC_WARN_ABOUT_RETURN_TYPE = YES_ERROR;
				GCC_WARN_UNDECLARED_SELECTOR = YES;
				GCC_WARN_UNINITIALIZED_AUTOS = YES_AGGRESSIVE;
				GCC_WARN_UNUSED_FUNCTION = YES;
				GCC_WARN_UNUSED_VARIABLE = YES;
				IPHONEOS_DEPLOYMENT_TARGET = 14.4;
				MTL_ENABLE_DEBUG_INFO = INCLUDE_SOURCE;
				MTL_FAST_MATH = YES;
				ONLY_ACTIVE_ARCH = YES;
				SDKROOT = iphoneos;
				SWIFT_ACTIVE_COMPILATION_CONDITIONS = DEBUG;
				SWIFT_OPTIMIZATION_LEVEL = "-Onone";
			};
			name = Debug;
		};
		2A42F3AE261CAB3400F2B3F0 /* Release */ = {
			isa = XCBuildConfiguration;
			buildSettings = {
				ALWAYS_SEARCH_USER_PATHS = NO;
				CLANG_ANALYZER_NONNULL = YES;
				CLANG_ANALYZER_NUMBER_OBJECT_CONVERSION = YES_AGGRESSIVE;
				CLANG_CXX_LANGUAGE_STANDARD = "gnu++14";
				CLANG_CXX_LIBRARY = "libc++";
				CLANG_ENABLE_MODULES = YES;
				CLANG_ENABLE_OBJC_ARC = YES;
				CLANG_ENABLE_OBJC_WEAK = YES;
				CLANG_WARN_BLOCK_CAPTURE_AUTORELEASING = YES;
				CLANG_WARN_BOOL_CONVERSION = YES;
				CLANG_WARN_COMMA = YES;
				CLANG_WARN_CONSTANT_CONVERSION = YES;
				CLANG_WARN_DEPRECATED_OBJC_IMPLEMENTATIONS = YES;
				CLANG_WARN_DIRECT_OBJC_ISA_USAGE = YES_ERROR;
				CLANG_WARN_DOCUMENTATION_COMMENTS = YES;
				CLANG_WARN_EMPTY_BODY = YES;
				CLANG_WARN_ENUM_CONVERSION = YES;
				CLANG_WARN_INFINITE_RECURSION = YES;
				CLANG_WARN_INT_CONVERSION = YES;
				CLANG_WARN_NON_LITERAL_NULL_CONVERSION = YES;
				CLANG_WARN_OBJC_IMPLICIT_RETAIN_SELF = YES;
				CLANG_WARN_OBJC_LITERAL_CONVERSION = YES;
				CLANG_WARN_OBJC_ROOT_CLASS = YES_ERROR;
				CLANG_WARN_QUOTED_INCLUDE_IN_FRAMEWORK_HEADER = YES;
				CLANG_WARN_RANGE_LOOP_ANALYSIS = YES;
				CLANG_WARN_STRICT_PROTOTYPES = YES;
				CLANG_WARN_SUSPICIOUS_MOVE = YES;
				CLANG_WARN_UNGUARDED_AVAILABILITY = YES_AGGRESSIVE;
				CLANG_WARN_UNREACHABLE_CODE = YES;
				CLANG_WARN__DUPLICATE_METHOD_MATCH = YES;
				COPY_PHASE_STRIP = NO;
				DEBUG_INFORMATION_FORMAT = "dwarf-with-dsym";
				ENABLE_NS_ASSERTIONS = NO;
				ENABLE_STRICT_OBJC_MSGSEND = YES;
				GCC_C_LANGUAGE_STANDARD = gnu11;
				GCC_NO_COMMON_BLOCKS = YES;
				GCC_WARN_64_TO_32_BIT_CONVERSION = YES;
				GCC_WARN_ABOUT_RETURN_TYPE = YES_ERROR;
				GCC_WARN_UNDECLARED_SELECTOR = YES;
				GCC_WARN_UNINITIALIZED_AUTOS = YES_AGGRESSIVE;
				GCC_WARN_UNUSED_FUNCTION = YES;
				GCC_WARN_UNUSED_VARIABLE = YES;
				IPHONEOS_DEPLOYMENT_TARGET = 14.4;
				MTL_ENABLE_DEBUG_INFO = NO;
				MTL_FAST_MATH = YES;
				SDKROOT = iphoneos;
				SWIFT_COMPILATION_MODE = wholemodule;
				SWIFT_OPTIMIZATION_LEVEL = "-O";
				VALIDATE_PRODUCT = YES;
			};
			name = Release;
		};
		2A42F3B0261CAB3400F2B3F0 /* Debug */ = {
			isa = XCBuildConfiguration;
			buildSettings = {
				ASSETCATALOG_COMPILER_APPICON_NAME = AppIcon;
				ASSETCATALOG_COMPILER_GLOBAL_ACCENT_COLOR_NAME = AccentColor;
				CODE_SIGN_STYLE = Automatic;
				DEVELOPMENT_ASSET_PATHS = "\"CombineTest/Preview Content\"";
				DEVELOPMENT_TEAM = DY95X747ZU;
				ENABLE_PREVIEWS = YES;
				INFOPLIST_FILE = CombineTest/Info.plist;
				IPHONEOS_DEPLOYMENT_TARGET = 14.0;
				LD_RUNPATH_SEARCH_PATHS = (
					"$(inherited)",
					"@executable_path/Frameworks",
				);
				PRODUCT_BUNDLE_IDENTIFIER = com.alessandromanni.CombineTest;
				PRODUCT_NAME = "$(TARGET_NAME)";
				SWIFT_VERSION = 5.0;
				TARGETED_DEVICE_FAMILY = "1,2";
			};
			name = Debug;
		};
		2A42F3B1261CAB3400F2B3F0 /* Release */ = {
			isa = XCBuildConfiguration;
			buildSettings = {
				ASSETCATALOG_COMPILER_APPICON_NAME = AppIcon;
				ASSETCATALOG_COMPILER_GLOBAL_ACCENT_COLOR_NAME = AccentColor;
				CODE_SIGN_STYLE = Automatic;
				DEVELOPMENT_ASSET_PATHS = "\"CombineTest/Preview Content\"";
				DEVELOPMENT_TEAM = DY95X747ZU;
				ENABLE_PREVIEWS = YES;
				INFOPLIST_FILE = CombineTest/Info.plist;
				IPHONEOS_DEPLOYMENT_TARGET = 14.0;
				LD_RUNPATH_SEARCH_PATHS = (
					"$(inherited)",
					"@executable_path/Frameworks",
				);
				PRODUCT_BUNDLE_IDENTIFIER = com.alessandromanni.CombineTest;
				PRODUCT_NAME = "$(TARGET_NAME)";
				SWIFT_VERSION = 5.0;
				TARGETED_DEVICE_FAMILY = "1,2";
			};
			name = Release;
		};
/* End XCBuildConfiguration section */

/* Begin XCConfigurationList section */
		2A42F39B261CAB3400F2B3F0 /* Build configuration list for PBXProject "CombineTest" */ = {
			isa = XCConfigurationList;
			buildConfigurations = (
				2A42F3AD261CAB3400F2B3F0 /* Debug */,
				2A42F3AE261CAB3400F2B3F0 /* Release */,
			);
			defaultConfigurationIsVisible = 0;
			defaultConfigurationName = Release;
		};
		2A42F3AF261CAB3400F2B3F0 /* Build configuration list for PBXNativeTarget "CombineTest" */ = {
			isa = XCConfigurationList;
			buildConfigurations = (
				2A42F3B0261CAB3400F2B3F0 /* Debug */,
				2A42F3B1261CAB3400F2B3F0 /* Release */,
			);
			defaultConfigurationIsVisible = 0;
			defaultConfigurationName = Release;
		};
/* End XCConfigurationList section */
	};
	rootObject = 2A42F398261CAB3400F2B3F0 /* Project object */;
}
